{
  "originHash" : "8093d3965c31650ab3137e1bfd593b0f8614279677469b33a655dddc25c13d1f",
  "pins" : [
    {
      "identity" : "gis-tools",
      "kind" : "remoteSourceControl",
      "location" : "https://github.com/Outdooractive/gis-tools.git",
      "state" : {
        "revision" : "fca8d024822d6c12091d6663d90ca1e1ecb77494",
        "version" : "2.3.0"
      }
    }
  ],
  "version" : 3
}
